// !$*UTF8*$!
{
	archiveVersion = 1;
	classes = {
	};
	objectVersion = 46;
	objects = {

/* Begin PBXBuildFile section */
		27915D55168FF31600DB32E2 /* UIKit.framework in Frameworks */ = {isa = PBXBuildFile; fileRef = 27915D54168FF31600DB32E2 /* UIKit.framework */; };
		27915D57168FF31600DB32E2 /* Foundation.framework in Frameworks */ = {isa = PBXBuildFile; fileRef = 27915D56168FF31600DB32E2 /* Foundation.framework */; };
		27915D59168FF31600DB32E2 /* CoreGraphics.framework in Frameworks */ = {isa = PBXBuildFile; fileRef = 27915D58168FF31600DB32E2 /* CoreGraphics.framework */; };
		27915D5F168FF31600DB32E2 /* InfoPlist.strings in Resources */ = {isa = PBXBuildFile; fileRef = 27915D5D168FF31600DB32E2 /* InfoPlist.strings */; };
		27915D61168FF31600DB32E2 /* main.m in Sources */ = {isa = PBXBuildFile; fileRef = 27915D60168FF31600DB32E2 /* main.m */; };
		27915D67168FF31600DB32E2 /* Default.png in Resources */ = {isa = PBXBuildFile; fileRef = 27915D66168FF31600DB32E2 /* Default.png */; };
		27915D69168FF31600DB32E2 /* Default@2x.png in Resources */ = {isa = PBXBuildFile; fileRef = 27915D68168FF31600DB32E2 /* Default@2x.png */; };
		27915D6B168FF31600DB32E2 /* Default-568h@2x.png in Resources */ = {isa = PBXBuildFile; fileRef = 27915D6A168FF31600DB32E2 /* Default-568h@2x.png */; };
		27915D7E168FF3BB00DB32E2 /* ImprovAppDelegate.m in Sources */ = {isa = PBXBuildFile; fileRef = 27915D7B168FF3BB00DB32E2 /* ImprovAppDelegate.m */; };
		27915D97168FF91400DB32E2 /* AdSupport.framework in Frameworks */ = {isa = PBXBuildFile; fileRef = 27915D96168FF91400DB32E2 /* AdSupport.framework */; };
		27915D99168FF91B00DB32E2 /* Social.framework in Frameworks */ = {isa = PBXBuildFile; fileRef = 27915D98168FF91B00DB32E2 /* Social.framework */; };
		27915DA3168FFB6000DB32E2 /* CoreLocation.framework in Frameworks */ = {isa = PBXBuildFile; fileRef = 27915DA2168FFB6000DB32E2 /* CoreLocation.framework */; };
		27915DA5168FFB7700DB32E2 /* libsqlite3.dylib in Frameworks */ = {isa = PBXBuildFile; fileRef = 27915DA4168FFB7700DB32E2 /* libsqlite3.dylib */; };
		27915DA7168FFB8100DB32E2 /* StoreKit.framework in Frameworks */ = {isa = PBXBuildFile; fileRef = 27915DA6168FFB8100DB32E2 /* StoreKit.framework */; };
		27915DA9168FFB9900DB32E2 /* QuartzCore.framework in Frameworks */ = {isa = PBXBuildFile; fileRef = 27915DA8168FFB9900DB32E2 /* QuartzCore.framework */; };
		27915DAB168FFBA200DB32E2 /* libz.1.1.3.dylib in Frameworks */ = {isa = PBXBuildFile; fileRef = 27915DAA168FFBA200DB32E2 /* libz.1.1.3.dylib */; };
		27915DAD168FFBA700DB32E2 /* Security.framework in Frameworks */ = {isa = PBXBuildFile; fileRef = 27915DAC168FFBA700DB32E2 /* Security.framework */; };
		27915DAF168FFBAC00DB32E2 /* AudioToolbox.framework in Frameworks */ = {isa = PBXBuildFile; fileRef = 27915DAE168FFBAC00DB32E2 /* AudioToolbox.framework */; };
		27915DB1168FFBB500DB32E2 /* MobileCoreServices.framework in Frameworks */ = {isa = PBXBuildFile; fileRef = 27915DB0168FFBB500DB32E2 /* MobileCoreServices.framework */; };
		27915DB3168FFBB900DB32E2 /* Accounts.framework in Frameworks */ = {isa = PBXBuildFile; fileRef = 27915DB2168FFBB900DB32E2 /* Accounts.framework */; };
		27915DB5168FFBC100DB32E2 /* SystemConfiguration.framework in Frameworks */ = {isa = PBXBuildFile; fileRef = 27915DB4168FFBC100DB32E2 /* SystemConfiguration.framework */; };
		27915DB7168FFBC700DB32E2 /* CFNetwork.framework in Frameworks */ = {isa = PBXBuildFile; fileRef = 27915DB6168FFBC700DB32E2 /* CFNetwork.framework */; };
		27915DB9168FFC9D00DB32E2 /* Improv.storyboard in Resources */ = {isa = PBXBuildFile; fileRef = 27915DB8168FFC9D00DB32E2 /* Improv.storyboard */; };
		27915DBC16909A1E00DB32E2 /* LobbyViewController.m in Sources */ = {isa = PBXBuildFile; fileRef = 27915DBB16909A1E00DB32E2 /* LobbyViewController.m */; };
		27DD8E7A169145B50036E189 /* LoginViewController.m in Sources */ = {isa = PBXBuildFile; fileRef = 27DD8E79169145B50036E189 /* LoginViewController.m */; };
		27DD8E7F169146EF0036E189 /* login-button-small-pressed.png in Resources */ = {isa = PBXBuildFile; fileRef = 27DD8E7B169146EF0036E189 /* login-button-small-pressed.png */; };
		27DD8E80169146EF0036E189 /* login-button-small-pressed@2x.png in Resources */ = {isa = PBXBuildFile; fileRef = 27DD8E7C169146EF0036E189 /* login-button-small-pressed@2x.png */; };
		27DD8E81169146EF0036E189 /* login-button-small.png in Resources */ = {isa = PBXBuildFile; fileRef = 27DD8E7D169146EF0036E189 /* login-button-small.png */; };
		27DD8E82169146EF0036E189 /* login-button-small@2x.png in Resources */ = {isa = PBXBuildFile; fileRef = 27DD8E7E169146EF0036E189 /* login-button-small@2x.png */; };
		A409DE6A169C9F5400C32B2D /* StoryTableViewController.m in Sources */ = {isa = PBXBuildFile; fileRef = A409DE69169C9F5400C32B2D /* StoryTableViewController.m */; };
		A409DE6E169CE00000C32B2D /* MainMenuViewController.m in Sources */ = {isa = PBXBuildFile; fileRef = A409DE6D169CE00000C32B2D /* MainMenuViewController.m */; };
		A40E9438169D11A200AB7C9B /* ViewStoryViewController.m in Sources */ = {isa = PBXBuildFile; fileRef = A40E9437169D11A200AB7C9B /* ViewStoryViewController.m */; };
		A40E943C16A0F5F600AB7C9B /* InviteFriendsViewController.m in Sources */ = {isa = PBXBuildFile; fileRef = A40E943B16A0F5F600AB7C9B /* InviteFriendsViewController.m */; };
		A4318F0616EA542F008663BC /* FindPartnerViewController.m in Sources */ = {isa = PBXBuildFile; fileRef = A4318F0516EA542F008663BC /* FindPartnerViewController.m */; };
		A46309C616BC93C2002D22E7 /* Parse.framework in Frameworks */ = {isa = PBXBuildFile; fileRef = A46309C516BC93C2002D22E7 /* Parse.framework */; };
		A46309C916BEE6AB002D22E7 /* SettingsViewController.m in Sources */ = {isa = PBXBuildFile; fileRef = A46309C816BEE6AA002D22E7 /* SettingsViewController.m */; };
		A479D3B1169CE60100E14D39 /* LeaderboardViewController.m in Sources */ = {isa = PBXBuildFile; fileRef = A479D3B0169CE60100E14D39 /* LeaderboardViewController.m */; };
		A486C20516B1EF0E0045B273 /* AddressBook.framework in Frameworks */ = {isa = PBXBuildFile; fileRef = A486C20316B1EF0E0045B273 /* AddressBook.framework */; };
		A486C20616B1EF0E0045B273 /* AddressBookUI.framework in Frameworks */ = {isa = PBXBuildFile; fileRef = A486C20416B1EF0E0045B273 /* AddressBookUI.framework */; };
		A486C21A16B483C40045B273 /* intro1.jpg in Resources */ = {isa = PBXBuildFile; fileRef = A486C21716B483C40045B273 /* intro1.jpg */; };
		A486C21B16B483C40045B273 /* intro2.jpg in Resources */ = {isa = PBXBuildFile; fileRef = A486C21816B483C40045B273 /* intro2.jpg */; };
		A486C21C16B483C40045B273 /* intro3.jpg in Resources */ = {isa = PBXBuildFile; fileRef = A486C21916B483C40045B273 /* intro3.jpg */; };
		A486C22116B488800045B273 /* ImageScrollView.m in Sources */ = {isa = PBXBuildFile; fileRef = A486C21E16B4887F0045B273 /* ImageScrollView.m */; };
		A486C22216B488800045B273 /* IntroViewController.m in Sources */ = {isa = PBXBuildFile; fileRef = A486C22016B4887F0045B273 /* IntroViewController.m */; };
		A486C22516B627C30045B273 /* IntroPageViewController.m in Sources */ = {isa = PBXBuildFile; fileRef = A486C22416B627C30045B273 /* IntroPageViewController.m */; };
		A486C22716B9E3BA0045B273 /* ImageData.plist in Resources */ = {isa = PBXBuildFile; fileRef = A486C22616B9E3BA0045B273 /* ImageData.plist */; };
		A4A0078E16D5617800B5AA2E /* Utils.m in Sources */ = {isa = PBXBuildFile; fileRef = A4A0078D16D5617700B5AA2E /* Utils.m */; };
		A4DC261A16C0BF50005FD566 /* Constants.plist in Resources */ = {isa = PBXBuildFile; fileRef = A4DC261916C0BF50005FD566 /* Constants.plist */; };
		A4DC261D16C1D34D005FD566 /* Constants.m in Sources */ = {isa = PBXBuildFile; fileRef = A4DC261C16C1D34D005FD566 /* Constants.m */; };
		A4DC262016C24C4A005FD566 /* TPKeyboardAvoidingScrollView.m in Sources */ = {isa = PBXBuildFile; fileRef = A4DC261F16C24C4A005FD566 /* TPKeyboardAvoidingScrollView.m */; };
		A4DC262216CAE0A0005FD566 /* MessageUI.framework in Frameworks */ = {isa = PBXBuildFile; fileRef = A4DC262116CAE0A0005FD566 /* MessageUI.framework */; };
		A4F3C52F16AB58AC00367AC6 /* PlayStoryViewController.m in Sources */ = {isa = PBXBuildFile; fileRef = A4F3C52E16AB58AC00367AC6 /* PlayStoryViewController.m */; };
/* End PBXBuildFile section */

/* Begin PBXFileReference section */
		27915D50168FF31600DB32E2 /* A Tall Tale.app */ = {isa = PBXFileReference; explicitFileType = wrapper.application; includeInIndex = 0; path = "A Tall Tale.app"; sourceTree = BUILT_PRODUCTS_DIR; };
		27915D54168FF31600DB32E2 /* UIKit.framework */ = {isa = PBXFileReference; lastKnownFileType = wrapper.framework; name = UIKit.framework; path = System/Library/Frameworks/UIKit.framework; sourceTree = SDKROOT; };
		27915D56168FF31600DB32E2 /* Foundation.framework */ = {isa = PBXFileReference; lastKnownFileType = wrapper.framework; name = Foundation.framework; path = System/Library/Frameworks/Foundation.framework; sourceTree = SDKROOT; };
		27915D58168FF31600DB32E2 /* CoreGraphics.framework */ = {isa = PBXFileReference; lastKnownFileType = wrapper.framework; name = CoreGraphics.framework; path = System/Library/Frameworks/CoreGraphics.framework; sourceTree = SDKROOT; };
		27915D5C168FF31600DB32E2 /* Improv-Info.plist */ = {isa = PBXFileReference; lastKnownFileType = text.plist.xml; path = "Improv-Info.plist"; sourceTree = "<group>"; };
		27915D5E168FF31600DB32E2 /* en */ = {isa = PBXFileReference; lastKnownFileType = text.plist.strings; name = en; path = en.lproj/InfoPlist.strings; sourceTree = "<group>"; };
		27915D60168FF31600DB32E2 /* main.m */ = {isa = PBXFileReference; lastKnownFileType = sourcecode.c.objc; path = main.m; sourceTree = "<group>"; };
		27915D62168FF31600DB32E2 /* Improv-Prefix.pch */ = {isa = PBXFileReference; lastKnownFileType = sourcecode.c.h; path = "Improv-Prefix.pch"; sourceTree = "<group>"; };
		27915D66168FF31600DB32E2 /* Default.png */ = {isa = PBXFileReference; lastKnownFileType = image.png; path = Default.png; sourceTree = "<group>"; };
		27915D68168FF31600DB32E2 /* Default@2x.png */ = {isa = PBXFileReference; lastKnownFileType = image.png; path = "Default@2x.png"; sourceTree = "<group>"; };
		27915D6A168FF31600DB32E2 /* Default-568h@2x.png */ = {isa = PBXFileReference; lastKnownFileType = image.png; path = "Default-568h@2x.png"; sourceTree = "<group>"; };
		27915D7A168FF3BB00DB32E2 /* ImprovAppDelegate.h */ = {isa = PBXFileReference; fileEncoding = 4; lastKnownFileType = sourcecode.c.h; path = ImprovAppDelegate.h; sourceTree = "<group>"; };
		27915D7B168FF3BB00DB32E2 /* ImprovAppDelegate.m */ = {isa = PBXFileReference; fileEncoding = 4; lastKnownFileType = sourcecode.c.objc; path = ImprovAppDelegate.m; sourceTree = "<group>"; };
		27915D96168FF91400DB32E2 /* AdSupport.framework */ = {isa = PBXFileReference; lastKnownFileType = wrapper.framework; name = AdSupport.framework; path = System/Library/Frameworks/AdSupport.framework; sourceTree = SDKROOT; };
		27915D98168FF91B00DB32E2 /* Social.framework */ = {isa = PBXFileReference; lastKnownFileType = wrapper.framework; name = Social.framework; path = System/Library/Frameworks/Social.framework; sourceTree = SDKROOT; };
		27915DA2168FFB6000DB32E2 /* CoreLocation.framework */ = {isa = PBXFileReference; lastKnownFileType = wrapper.framework; name = CoreLocation.framework; path = System/Library/Frameworks/CoreLocation.framework; sourceTree = SDKROOT; };
		27915DA4168FFB7700DB32E2 /* libsqlite3.dylib */ = {isa = PBXFileReference; lastKnownFileType = "compiled.mach-o.dylib"; name = libsqlite3.dylib; path = usr/lib/libsqlite3.dylib; sourceTree = SDKROOT; };
		27915DA6168FFB8100DB32E2 /* StoreKit.framework */ = {isa = PBXFileReference; lastKnownFileType = wrapper.framework; name = StoreKit.framework; path = System/Library/Frameworks/StoreKit.framework; sourceTree = SDKROOT; };
		27915DA8168FFB9900DB32E2 /* QuartzCore.framework */ = {isa = PBXFileReference; lastKnownFileType = wrapper.framework; name = QuartzCore.framework; path = System/Library/Frameworks/QuartzCore.framework; sourceTree = SDKROOT; };
		27915DAA168FFBA200DB32E2 /* libz.1.1.3.dylib */ = {isa = PBXFileReference; lastKnownFileType = "compiled.mach-o.dylib"; name = libz.1.1.3.dylib; path = usr/lib/libz.1.1.3.dylib; sourceTree = SDKROOT; };
		27915DAC168FFBA700DB32E2 /* Security.framework */ = {isa = PBXFileReference; lastKnownFileType = wrapper.framework; name = Security.framework; path = System/Library/Frameworks/Security.framework; sourceTree = SDKROOT; };
		27915DAE168FFBAC00DB32E2 /* AudioToolbox.framework */ = {isa = PBXFileReference; lastKnownFileType = wrapper.framework; name = AudioToolbox.framework; path = System/Library/Frameworks/AudioToolbox.framework; sourceTree = SDKROOT; };
		27915DB0168FFBB500DB32E2 /* MobileCoreServices.framework */ = {isa = PBXFileReference; lastKnownFileType = wrapper.framework; name = MobileCoreServices.framework; path = System/Library/Frameworks/MobileCoreServices.framework; sourceTree = SDKROOT; };
		27915DB2168FFBB900DB32E2 /* Accounts.framework */ = {isa = PBXFileReference; lastKnownFileType = wrapper.framework; name = Accounts.framework; path = System/Library/Frameworks/Accounts.framework; sourceTree = SDKROOT; };
		27915DB4168FFBC100DB32E2 /* SystemConfiguration.framework */ = {isa = PBXFileReference; lastKnownFileType = wrapper.framework; name = SystemConfiguration.framework; path = System/Library/Frameworks/SystemConfiguration.framework; sourceTree = SDKROOT; };
		27915DB6168FFBC700DB32E2 /* CFNetwork.framework */ = {isa = PBXFileReference; lastKnownFileType = wrapper.framework; name = CFNetwork.framework; path = System/Library/Frameworks/CFNetwork.framework; sourceTree = SDKROOT; };
		27915DB8168FFC9D00DB32E2 /* Improv.storyboard */ = {isa = PBXFileReference; fileEncoding = 4; lastKnownFileType = file.storyboard; path = Improv.storyboard; sourceTree = "<group>"; };
		27915DBA16909A1E00DB32E2 /* LobbyViewController.h */ = {isa = PBXFileReference; fileEncoding = 4; lastKnownFileType = sourcecode.c.h; path = LobbyViewController.h; sourceTree = "<group>"; };
		27915DBB16909A1E00DB32E2 /* LobbyViewController.m */ = {isa = PBXFileReference; fileEncoding = 4; lastKnownFileType = sourcecode.c.objc; path = LobbyViewController.m; sourceTree = "<group>"; };
		27DD8E78169145B50036E189 /* LoginViewController.h */ = {isa = PBXFileReference; fileEncoding = 4; lastKnownFileType = sourcecode.c.h; path = LoginViewController.h; sourceTree = "<group>"; };
		27DD8E79169145B50036E189 /* LoginViewController.m */ = {isa = PBXFileReference; fileEncoding = 4; lastKnownFileType = sourcecode.c.objc; path = LoginViewController.m; sourceTree = "<group>"; };
		27DD8E7B169146EF0036E189 /* login-button-small-pressed.png */ = {isa = PBXFileReference; lastKnownFileType = image.png; path = "login-button-small-pressed.png"; sourceTree = "<group>"; };
		27DD8E7C169146EF0036E189 /* login-button-small-pressed@2x.png */ = {isa = PBXFileReference; lastKnownFileType = image.png; path = "login-button-small-pressed@2x.png"; sourceTree = "<group>"; };
		27DD8E7D169146EF0036E189 /* login-button-small.png */ = {isa = PBXFileReference; lastKnownFileType = image.png; path = "login-button-small.png"; sourceTree = "<group>"; };
		27DD8E7E169146EF0036E189 /* login-button-small@2x.png */ = {isa = PBXFileReference; lastKnownFileType = image.png; path = "login-button-small@2x.png"; sourceTree = "<group>"; };
		A409DE68169C9F5400C32B2D /* StoryTableViewController.h */ = {isa = PBXFileReference; fileEncoding = 4; lastKnownFileType = sourcecode.c.h; path = StoryTableViewController.h; sourceTree = "<group>"; };
		A409DE69169C9F5400C32B2D /* StoryTableViewController.m */ = {isa = PBXFileReference; fileEncoding = 4; lastKnownFileType = sourcecode.c.objc; path = StoryTableViewController.m; sourceTree = "<group>"; };
		A409DE6C169CE00000C32B2D /* MainMenuViewController.h */ = {isa = PBXFileReference; fileEncoding = 4; lastKnownFileType = sourcecode.c.h; path = MainMenuViewController.h; sourceTree = "<group>"; };
		A409DE6D169CE00000C32B2D /* MainMenuViewController.m */ = {isa = PBXFileReference; fileEncoding = 4; lastKnownFileType = sourcecode.c.objc; path = MainMenuViewController.m; sourceTree = "<group>"; };
		A40E9436169D11A200AB7C9B /* ViewStoryViewController.h */ = {isa = PBXFileReference; fileEncoding = 4; lastKnownFileType = sourcecode.c.h; path = ViewStoryViewController.h; sourceTree = "<group>"; };
		A40E9437169D11A200AB7C9B /* ViewStoryViewController.m */ = {isa = PBXFileReference; fileEncoding = 4; lastKnownFileType = sourcecode.c.objc; path = ViewStoryViewController.m; sourceTree = "<group>"; };
		A40E943A16A0F5F600AB7C9B /* InviteFriendsViewController.h */ = {isa = PBXFileReference; fileEncoding = 4; lastKnownFileType = sourcecode.c.h; path = InviteFriendsViewController.h; sourceTree = "<group>"; };
		A40E943B16A0F5F600AB7C9B /* InviteFriendsViewController.m */ = {isa = PBXFileReference; fileEncoding = 4; lastKnownFileType = sourcecode.c.objc; path = InviteFriendsViewController.m; sourceTree = "<group>"; };
		A4318F0416EA542F008663BC /* FindPartnerViewController.h */ = {isa = PBXFileReference; fileEncoding = 4; lastKnownFileType = sourcecode.c.h; path = FindPartnerViewController.h; sourceTree = "<group>"; };
		A4318F0516EA542F008663BC /* FindPartnerViewController.m */ = {isa = PBXFileReference; fileEncoding = 4; lastKnownFileType = sourcecode.c.objc; path = FindPartnerViewController.m; sourceTree = "<group>"; };
		A46309C516BC93C2002D22E7 /* Parse.framework */ = {isa = PBXFileReference; lastKnownFileType = wrapper.framework; path = Parse.framework; sourceTree = "<group>"; };
		A46309C716BEE6AA002D22E7 /* SettingsViewController.h */ = {isa = PBXFileReference; fileEncoding = 4; lastKnownFileType = sourcecode.c.h; path = SettingsViewController.h; sourceTree = "<group>"; };
		A46309C816BEE6AA002D22E7 /* SettingsViewController.m */ = {isa = PBXFileReference; fileEncoding = 4; lastKnownFileType = sourcecode.c.objc; path = SettingsViewController.m; sourceTree = "<group>"; };
		A479D3AF169CE60100E14D39 /* LeaderboardViewController.h */ = {isa = PBXFileReference; fileEncoding = 4; lastKnownFileType = sourcecode.c.h; path = LeaderboardViewController.h; sourceTree = "<group>"; };
		A479D3B0169CE60100E14D39 /* LeaderboardViewController.m */ = {isa = PBXFileReference; fileEncoding = 4; lastKnownFileType = sourcecode.c.objc; path = LeaderboardViewController.m; sourceTree = "<group>"; };
		A486C20316B1EF0E0045B273 /* AddressBook.framework */ = {isa = PBXFileReference; lastKnownFileType = wrapper.framework; name = AddressBook.framework; path = System/Library/Frameworks/AddressBook.framework; sourceTree = SDKROOT; };
		A486C20416B1EF0E0045B273 /* AddressBookUI.framework */ = {isa = PBXFileReference; lastKnownFileType = wrapper.framework; name = AddressBookUI.framework; path = System/Library/Frameworks/AddressBookUI.framework; sourceTree = SDKROOT; };
		A486C21716B483C40045B273 /* intro1.jpg */ = {isa = PBXFileReference; lastKnownFileType = image.jpeg; name = intro1.jpg; path = images/intro1.jpg; sourceTree = "<group>"; };
		A486C21816B483C40045B273 /* intro2.jpg */ = {isa = PBXFileReference; lastKnownFileType = image.jpeg; name = intro2.jpg; path = images/intro2.jpg; sourceTree = "<group>"; };
		A486C21916B483C40045B273 /* intro3.jpg */ = {isa = PBXFileReference; lastKnownFileType = image.jpeg; name = intro3.jpg; path = images/intro3.jpg; sourceTree = "<group>"; };
		A486C21D16B4887F0045B273 /* ImageScrollView.h */ = {isa = PBXFileReference; fileEncoding = 4; lastKnownFileType = sourcecode.c.h; path = ImageScrollView.h; sourceTree = "<group>"; };
		A486C21E16B4887F0045B273 /* ImageScrollView.m */ = {isa = PBXFileReference; fileEncoding = 4; lastKnownFileType = sourcecode.c.objc; path = ImageScrollView.m; sourceTree = "<group>"; };
		A486C21F16B4887F0045B273 /* IntroViewController.h */ = {isa = PBXFileReference; fileEncoding = 4; lastKnownFileType = sourcecode.c.h; path = IntroViewController.h; sourceTree = "<group>"; };
		A486C22016B4887F0045B273 /* IntroViewController.m */ = {isa = PBXFileReference; fileEncoding = 4; lastKnownFileType = sourcecode.c.objc; path = IntroViewController.m; sourceTree = "<group>"; };
		A486C22316B627C30045B273 /* IntroPageViewController.h */ = {isa = PBXFileReference; fileEncoding = 4; lastKnownFileType = sourcecode.c.h; path = IntroPageViewController.h; sourceTree = "<group>"; };
		A486C22416B627C30045B273 /* IntroPageViewController.m */ = {isa = PBXFileReference; fileEncoding = 4; lastKnownFileType = sourcecode.c.objc; path = IntroPageViewController.m; sourceTree = "<group>"; };
		A486C22616B9E3BA0045B273 /* ImageData.plist */ = {isa = PBXFileReference; fileEncoding = 4; lastKnownFileType = text.plist.xml; path = ImageData.plist; sourceTree = "<group>"; };
		A4A0078C16D5617700B5AA2E /* Utils.h */ = {isa = PBXFileReference; fileEncoding = 4; lastKnownFileType = sourcecode.c.h; path = Utils.h; sourceTree = "<group>"; };
		A4A0078D16D5617700B5AA2E /* Utils.m */ = {isa = PBXFileReference; fileEncoding = 4; lastKnownFileType = sourcecode.c.objc; path = Utils.m; sourceTree = "<group>"; };
		A4DC261916C0BF50005FD566 /* Constants.plist */ = {isa = PBXFileReference; fileEncoding = 4; lastKnownFileType = text.plist.xml; path = Constants.plist; sourceTree = "<group>"; };
		A4DC261B16C1D34D005FD566 /* Constants.h */ = {isa = PBXFileReference; fileEncoding = 4; lastKnownFileType = sourcecode.c.h; path = Constants.h; sourceTree = "<group>"; };
		A4DC261C16C1D34D005FD566 /* Constants.m */ = {isa = PBXFileReference; fileEncoding = 4; lastKnownFileType = sourcecode.c.objc; path = Constants.m; sourceTree = "<group>"; };
		A4DC261E16C24C4A005FD566 /* TPKeyboardAvoidingScrollView.h */ = {isa = PBXFileReference; fileEncoding = 4; lastKnownFileType = sourcecode.c.h; path = TPKeyboardAvoidingScrollView.h; sourceTree = "<group>"; };
		A4DC261F16C24C4A005FD566 /* TPKeyboardAvoidingScrollView.m */ = {isa = PBXFileReference; fileEncoding = 4; lastKnownFileType = sourcecode.c.objc; path = TPKeyboardAvoidingScrollView.m; sourceTree = "<group>"; };
		A4DC262116CAE0A0005FD566 /* MessageUI.framework */ = {isa = PBXFileReference; lastKnownFileType = wrapper.framework; name = MessageUI.framework; path = System/Library/Frameworks/MessageUI.framework; sourceTree = SDKROOT; };
		A4F3C52D16AB58AC00367AC6 /* PlayStoryViewController.h */ = {isa = PBXFileReference; fileEncoding = 4; lastKnownFileType = sourcecode.c.h; path = PlayStoryViewController.h; sourceTree = "<group>"; };
		A4F3C52E16AB58AC00367AC6 /* PlayStoryViewController.m */ = {isa = PBXFileReference; fileEncoding = 4; lastKnownFileType = sourcecode.c.objc; path = PlayStoryViewController.m; sourceTree = "<group>"; };
/* End PBXFileReference section */

/* Begin PBXFrameworksBuildPhase section */
		27915D4D168FF31600DB32E2 /* Frameworks */ = {
			isa = PBXFrameworksBuildPhase;
			buildActionMask = 2147483647;
			files = (
				A4DC262216CAE0A0005FD566 /* MessageUI.framework in Frameworks */,
				A46309C616BC93C2002D22E7 /* Parse.framework in Frameworks */,
				A486C20516B1EF0E0045B273 /* AddressBook.framework in Frameworks */,
				A486C20616B1EF0E0045B273 /* AddressBookUI.framework in Frameworks */,
				27915D57168FF31600DB32E2 /* Foundation.framework in Frameworks */,
				27915DB7168FFBC700DB32E2 /* CFNetwork.framework in Frameworks */,
				27915DB5168FFBC100DB32E2 /* SystemConfiguration.framework in Frameworks */,
				27915DB3168FFBB900DB32E2 /* Accounts.framework in Frameworks */,
				27915DB1168FFBB500DB32E2 /* MobileCoreServices.framework in Frameworks */,
				27915DAF168FFBAC00DB32E2 /* AudioToolbox.framework in Frameworks */,
				27915DAD168FFBA700DB32E2 /* Security.framework in Frameworks */,
				27915DAB168FFBA200DB32E2 /* libz.1.1.3.dylib in Frameworks */,
				27915DA9168FFB9900DB32E2 /* QuartzCore.framework in Frameworks */,
				27915DA7168FFB8100DB32E2 /* StoreKit.framework in Frameworks */,
				27915DA5168FFB7700DB32E2 /* libsqlite3.dylib in Frameworks */,
				27915DA3168FFB6000DB32E2 /* CoreLocation.framework in Frameworks */,
				27915D99168FF91B00DB32E2 /* Social.framework in Frameworks */,
				27915D97168FF91400DB32E2 /* AdSupport.framework in Frameworks */,
				27915D55168FF31600DB32E2 /* UIKit.framework in Frameworks */,
				27915D59168FF31600DB32E2 /* CoreGraphics.framework in Frameworks */,
			);
			runOnlyForDeploymentPostprocessing = 0;
		};
/* End PBXFrameworksBuildPhase section */

/* Begin PBXGroup section */
		27915D45168FF31600DB32E2 = {
			isa = PBXGroup;
			children = (
				27915D5A168FF31600DB32E2 /* Improv */,
				27915D53168FF31600DB32E2 /* Frameworks */,
				27915D51168FF31600DB32E2 /* Products */,
			);
			sourceTree = "<group>";
		};
		27915D51168FF31600DB32E2 /* Products */ = {
			isa = PBXGroup;
			children = (
				27915D50168FF31600DB32E2 /* A Tall Tale.app */,
			);
			name = Products;
			sourceTree = "<group>";
		};
		27915D53168FF31600DB32E2 /* Frameworks */ = {
			isa = PBXGroup;
			children = (
				A4DC262116CAE0A0005FD566 /* MessageUI.framework */,
				A46309C516BC93C2002D22E7 /* Parse.framework */,
				A486C20316B1EF0E0045B273 /* AddressBook.framework */,
				A486C20416B1EF0E0045B273 /* AddressBookUI.framework */,
				27915DB6168FFBC700DB32E2 /* CFNetwork.framework */,
				27915DB4168FFBC100DB32E2 /* SystemConfiguration.framework */,
				27915DB2168FFBB900DB32E2 /* Accounts.framework */,
				27915DB0168FFBB500DB32E2 /* MobileCoreServices.framework */,
				27915DAE168FFBAC00DB32E2 /* AudioToolbox.framework */,
				27915DAC168FFBA700DB32E2 /* Security.framework */,
				27915DAA168FFBA200DB32E2 /* libz.1.1.3.dylib */,
				27915DA8168FFB9900DB32E2 /* QuartzCore.framework */,
				27915DA6168FFB8100DB32E2 /* StoreKit.framework */,
				27915DA4168FFB7700DB32E2 /* libsqlite3.dylib */,
				27915DA2168FFB6000DB32E2 /* CoreLocation.framework */,
				27915D98168FF91B00DB32E2 /* Social.framework */,
				27915D96168FF91400DB32E2 /* AdSupport.framework */,
				27915D54168FF31600DB32E2 /* UIKit.framework */,
				27915D56168FF31600DB32E2 /* Foundation.framework */,
				27915D58168FF31600DB32E2 /* CoreGraphics.framework */,
			);
			name = Frameworks;
			sourceTree = "<group>";
		};
		27915D5A168FF31600DB32E2 /* Improv */ = {
			isa = PBXGroup;
			children = (
				A4318F0716FFB8BE008663BC /* intro */,
				27915DB8168FFC9D00DB32E2 /* Improv.storyboard */,
				A4A0078C16D5617700B5AA2E /* Utils.h */,
				A4A0078D16D5617700B5AA2E /* Utils.m */,
				A4DC261B16C1D34D005FD566 /* Constants.h */,
				A4DC261C16C1D34D005FD566 /* Constants.m */,
				A4318F0416EA542F008663BC /* FindPartnerViewController.h */,
				A4318F0516EA542F008663BC /* FindPartnerViewController.m */,
				A4F3C52D16AB58AC00367AC6 /* PlayStoryViewController.h */,
				A4F3C52E16AB58AC00367AC6 /* PlayStoryViewController.m */,
				A4DC261E16C24C4A005FD566 /* TPKeyboardAvoidingScrollView.h */,
				A4DC261F16C24C4A005FD566 /* TPKeyboardAvoidingScrollView.m */,
				A40E943A16A0F5F600AB7C9B /* InviteFriendsViewController.h */,
				A40E943B16A0F5F600AB7C9B /* InviteFriendsViewController.m */,
				A479D3AF169CE60100E14D39 /* LeaderboardViewController.h */,
				A479D3B0169CE60100E14D39 /* LeaderboardViewController.m */,
				A40E9436169D11A200AB7C9B /* ViewStoryViewController.h */,
				A40E9437169D11A200AB7C9B /* ViewStoryViewController.m */,
				A409DE6C169CE00000C32B2D /* MainMenuViewController.h */,
				A409DE6D169CE00000C32B2D /* MainMenuViewController.m */,
				A409DE68169C9F5400C32B2D /* StoryTableViewController.h */,
				A409DE69169C9F5400C32B2D /* StoryTableViewController.m */,
				27915DBA16909A1E00DB32E2 /* LobbyViewController.h */,
				27915DBB16909A1E00DB32E2 /* LobbyViewController.m */,
				A46309C716BEE6AA002D22E7 /* SettingsViewController.h */,
				A46309C816BEE6AA002D22E7 /* SettingsViewController.m */,
				27DD8E78169145B50036E189 /* LoginViewController.h */,
				27DD8E79169145B50036E189 /* LoginViewController.m */,
				27915D7A168FF3BB00DB32E2 /* ImprovAppDelegate.h */,
				27915D7B168FF3BB00DB32E2 /* ImprovAppDelegate.m */,
				A486C21616B483B20045B273 /* images */,
				27915D5B168FF31600DB32E2 /* Supporting Files */,
			);
			path = Improv;
			sourceTree = "<group>";
		};
		27915D5B168FF31600DB32E2 /* Supporting Files */ = {
			isa = PBXGroup;
			children = (
				A486C22616B9E3BA0045B273 /* ImageData.plist */,
				27DD8E7B169146EF0036E189 /* login-button-small-pressed.png */,
				27DD8E7C169146EF0036E189 /* login-button-small-pressed@2x.png */,
				27DD8E7D169146EF0036E189 /* login-button-small.png */,
				27DD8E7E169146EF0036E189 /* login-button-small@2x.png */,
				27915D5C168FF31600DB32E2 /* Improv-Info.plist */,
				27915D5D168FF31600DB32E2 /* InfoPlist.strings */,
				27915D60168FF31600DB32E2 /* main.m */,
				27915D62168FF31600DB32E2 /* Improv-Prefix.pch */,
				27915D66168FF31600DB32E2 /* Default.png */,
				27915D68168FF31600DB32E2 /* Default@2x.png */,
				27915D6A168FF31600DB32E2 /* Default-568h@2x.png */,
				A4DC261916C0BF50005FD566 /* Constants.plist */,
			);
			name = "Supporting Files";
			sourceTree = "<group>";
		};
		A4318F0716FFB8BE008663BC /* intro */ = {
			isa = PBXGroup;
			children = (
				A486C21D16B4887F0045B273 /* ImageScrollView.h */,
				A486C21E16B4887F0045B273 /* ImageScrollView.m */,
				A486C22316B627C30045B273 /* IntroPageViewController.h */,
				A486C22416B627C30045B273 /* IntroPageViewController.m */,
				A486C21F16B4887F0045B273 /* IntroViewController.h */,
				A486C22016B4887F0045B273 /* IntroViewController.m */,
			);
			name = intro;
			sourceTree = "<group>";
		};
		A486C21616B483B20045B273 /* images */ = {
			isa = PBXGroup;
			children = (
				A486C21716B483C40045B273 /* intro1.jpg */,
				A486C21816B483C40045B273 /* intro2.jpg */,
				A486C21916B483C40045B273 /* intro3.jpg */,
			);
			name = images;
			sourceTree = "<group>";
		};
/* End PBXGroup section */

/* Begin PBXNativeTarget section */
		27915D4F168FF31600DB32E2 /* Improv */ = {
			isa = PBXNativeTarget;
			buildConfigurationList = 27915D6E168FF31600DB32E2 /* Build configuration list for PBXNativeTarget "Improv" */;
			buildPhases = (
				27915D4C168FF31600DB32E2 /* Sources */,
				27915D4D168FF31600DB32E2 /* Frameworks */,
				27915D4E168FF31600DB32E2 /* Resources */,
			);
			buildRules = (
			);
			dependencies = (
			);
			name = Improv;
			productName = Improv;
			productReference = 27915D50168FF31600DB32E2 /* A Tall Tale.app */;
			productType = "com.apple.product-type.application";
		};
/* End PBXNativeTarget section */

/* Begin PBXProject section */
		27915D47168FF31600DB32E2 /* Project object */ = {
			isa = PBXProject;
			attributes = {
				LastUpgradeCheck = 0450;
				ORGANIZATIONNAME = "Ghostfire Games";
			};
			buildConfigurationList = 27915D4A168FF31600DB32E2 /* Build configuration list for PBXProject "Improv" */;
			compatibilityVersion = "Xcode 3.2";
			developmentRegion = English;
			hasScannedForEncodings = 0;
			knownRegions = (
				en,
			);
			mainGroup = 27915D45168FF31600DB32E2;
			productRefGroup = 27915D51168FF31600DB32E2 /* Products */;
			projectDirPath = "";
			projectRoot = "";
			targets = (
				27915D4F168FF31600DB32E2 /* Improv */,
			);
		};
/* End PBXProject section */

/* Begin PBXResourcesBuildPhase section */
		27915D4E168FF31600DB32E2 /* Resources */ = {
			isa = PBXResourcesBuildPhase;
			buildActionMask = 2147483647;
			files = (
				27915D5F168FF31600DB32E2 /* InfoPlist.strings in Resources */,
				27915D67168FF31600DB32E2 /* Default.png in Resources */,
				27915D69168FF31600DB32E2 /* Default@2x.png in Resources */,
				27915D6B168FF31600DB32E2 /* Default-568h@2x.png in Resources */,
				27915DB9168FFC9D00DB32E2 /* Improv.storyboard in Resources */,
				27DD8E7F169146EF0036E189 /* login-button-small-pressed.png in Resources */,
				27DD8E80169146EF0036E189 /* login-button-small-pressed@2x.png in Resources */,
				27DD8E81169146EF0036E189 /* login-button-small.png in Resources */,
				27DD8E82169146EF0036E189 /* login-button-small@2x.png in Resources */,
				A486C21A16B483C40045B273 /* intro1.jpg in Resources */,
				A486C21B16B483C40045B273 /* intro2.jpg in Resources */,
				A486C21C16B483C40045B273 /* intro3.jpg in Resources */,
				A486C22716B9E3BA0045B273 /* ImageData.plist in Resources */,
				A4DC261A16C0BF50005FD566 /* Constants.plist in Resources */,
			);
			runOnlyForDeploymentPostprocessing = 0;
		};
/* End PBXResourcesBuildPhase section */

/* Begin PBXSourcesBuildPhase section */
		27915D4C168FF31600DB32E2 /* Sources */ = {
			isa = PBXSourcesBuildPhase;
			buildActionMask = 2147483647;
			files = (
				27915D61168FF31600DB32E2 /* main.m in Sources */,
				27915D7E168FF3BB00DB32E2 /* ImprovAppDelegate.m in Sources */,
				27915DBC16909A1E00DB32E2 /* LobbyViewController.m in Sources */,
				27DD8E7A169145B50036E189 /* LoginViewController.m in Sources */,
				A409DE6A169C9F5400C32B2D /* StoryTableViewController.m in Sources */,
				A409DE6E169CE00000C32B2D /* MainMenuViewController.m in Sources */,
				A479D3B1169CE60100E14D39 /* LeaderboardViewController.m in Sources */,
				A40E9438169D11A200AB7C9B /* ViewStoryViewController.m in Sources */,
				A40E943C16A0F5F600AB7C9B /* InviteFriendsViewController.m in Sources */,
				A4F3C52F16AB58AC00367AC6 /* PlayStoryViewController.m in Sources */,
				A486C22116B488800045B273 /* ImageScrollView.m in Sources */,
				A486C22216B488800045B273 /* IntroViewController.m in Sources */,
				A486C22516B627C30045B273 /* IntroPageViewController.m in Sources */,
				A46309C916BEE6AB002D22E7 /* SettingsViewController.m in Sources */,
				A4DC261D16C1D34D005FD566 /* Constants.m in Sources */,
				A4DC262016C24C4A005FD566 /* TPKeyboardAvoidingScrollView.m in Sources */,
				A4A0078E16D5617800B5AA2E /* Utils.m in Sources */,
				A4318F0616EA542F008663BC /* FindPartnerViewController.m in Sources */,
			);
			runOnlyForDeploymentPostprocessing = 0;
		};
/* End PBXSourcesBuildPhase section */

/* Begin PBXVariantGroup section */
		27915D5D168FF31600DB32E2 /* InfoPlist.strings */ = {
			isa = PBXVariantGroup;
			children = (
				27915D5E168FF31600DB32E2 /* en */,
			);
			name = InfoPlist.strings;
			sourceTree = "<group>";
		};
/* End PBXVariantGroup section */

/* Begin XCBuildConfiguration section */
		27915D6C168FF31600DB32E2 /* Debug */ = {
			isa = XCBuildConfiguration;
			buildSettings = {
				ALWAYS_SEARCH_USER_PATHS = NO;
				CLANG_CXX_LANGUAGE_STANDARD = "gnu++0x";
				CLANG_CXX_LIBRARY = "libc++";
				CLANG_ENABLE_OBJC_ARC = YES;
				CLANG_WARN_EMPTY_BODY = YES;
				CLANG_WARN__DUPLICATE_METHOD_MATCH = YES;
				CODE_SIGN_IDENTITY = "iPhone Developer: Ed Roman (EKM5FTX55C)";
				"CODE_SIGN_IDENTITY[sdk=iphoneos*]" = "iPhone Developer: Ed Roman (EKM5FTX55C)";
				COPY_PHASE_STRIP = NO;
				GCC_C_LANGUAGE_STANDARD = gnu99;
				GCC_DYNAMIC_NO_PIC = NO;
				GCC_OPTIMIZATION_LEVEL = 0;
				GCC_PREPROCESSOR_DEFINITIONS = (
					"DEBUG=1",
					"$(inherited)",
				);
				GCC_SYMBOLS_PRIVATE_EXTERN = NO;
				GCC_WARN_ABOUT_RETURN_TYPE = YES;
				GCC_WARN_UNINITIALIZED_AUTOS = YES;
				GCC_WARN_UNUSED_VARIABLE = YES;
				IPHONEOS_DEPLOYMENT_TARGET = 6.0;
				ONLY_ACTIVE_ARCH = YES;
				PROVISIONING_PROFILE = "FF8D2580-9E6C-4567-BCE4-28E1D1C80B19";
				"PROVISIONING_PROFILE[sdk=iphoneos*]" = "FF8D2580-9E6C-4567-BCE4-28E1D1C80B19";
				SDKROOT = iphoneos;
				TARGETED_DEVICE_FAMILY = "1,2";
			};
			name = Debug;
		};
		27915D6D168FF31600DB32E2 /* Release */ = {
			isa = XCBuildConfiguration;
			buildSettings = {
				ALWAYS_SEARCH_USER_PATHS = NO;
				CLANG_CXX_LANGUAGE_STANDARD = "gnu++0x";
				CLANG_CXX_LIBRARY = "libc++";
				CLANG_ENABLE_OBJC_ARC = YES;
				CLANG_WARN_EMPTY_BODY = YES;
				CLANG_WARN__DUPLICATE_METHOD_MATCH = YES;
				CODE_SIGN_IDENTITY = "iPhone Distribution: GHOSTFIRE GAMES LLC";
				"CODE_SIGN_IDENTITY[sdk=iphoneos*]" = "iPhone Distribution: GHOSTFIRE GAMES LLC";
				COPY_PHASE_STRIP = YES;
				GCC_C_LANGUAGE_STANDARD = gnu99;
				GCC_WARN_ABOUT_RETURN_TYPE = YES;
				GCC_WARN_UNINITIALIZED_AUTOS = YES;
				GCC_WARN_UNUSED_VARIABLE = YES;
				IPHONEOS_DEPLOYMENT_TARGET = 6.0;
				OTHER_CFLAGS = "-DNS_BLOCK_ASSERTIONS=1";
				PROVISIONING_PROFILE = "A98E8CDB-1E3B-4C1D-BA34-11225E5D4C74";
				"PROVISIONING_PROFILE[sdk=iphoneos*]" = "A98E8CDB-1E3B-4C1D-BA34-11225E5D4C74";
				SDKROOT = iphoneos;
				TARGETED_DEVICE_FAMILY = "1,2";
				VALIDATE_PRODUCT = YES;
			};
			name = Release;
		};
		27915D6F168FF31600DB32E2 /* Debug */ = {
			isa = XCBuildConfiguration;
			buildSettings = {
				CODE_SIGN_IDENTITY = "iPhone Developer: Ed Roman (EKM5FTX55C)";
				"CODE_SIGN_IDENTITY[sdk=iphoneos*]" = "iPhone Developer: Ed Roman (EKM5FTX55C)";
				FRAMEWORK_SEARCH_PATHS = (
					"$(inherited)",
					"\"$(SRCROOT)\"",
				);
				GCC_PRECOMPILE_PREFIX_HEADER = YES;
				GCC_PREFIX_HEADER = "Improv/Improv-Prefix.pch";
				INFOPLIST_FILE = "Improv/Improv-Info.plist";
				LIBRARY_SEARCH_PATHS = (
					"$(inherited)",
					"\"$(SRCROOT)/Parse.framework/Versions/1.1.24\"",
				);
				PRODUCT_NAME = "A Tall Tale";
				PROVISIONING_PROFILE = "FF8D2580-9E6C-4567-BCE4-28E1D1C80B19";
				"PROVISIONING_PROFILE[sdk=iphoneos*]" = "FF8D2580-9E6C-4567-BCE4-28E1D1C80B19";
				WRAPPER_EXTENSION = app;
			};
			name = Debug;
		};
		27915D70168FF31600DB32E2 /* Release */ = {
			isa = XCBuildConfiguration;
			buildSettings = {
				CODE_SIGN_IDENTITY = "iPhone Distribution: GHOSTFIRE GAMES LLC";
				"CODE_SIGN_IDENTITY[sdk=iphoneos*]" = "iPhone Distribution: GHOSTFIRE GAMES LLC";
				FRAMEWORK_SEARCH_PATHS = (
					"$(inherited)",
					"\"$(SRCROOT)\"",
				);
				GCC_PRECOMPILE_PREFIX_HEADER = YES;
				GCC_PREFIX_HEADER = "Improv/Improv-Prefix.pch";
				INFOPLIST_FILE = "Improv/Improv-Info.plist";
				LIBRARY_SEARCH_PATHS = (
					"$(inherited)",
					"\"$(SRCROOT)/Parse.framework/Versions/1.1.24\"",
				);
				PRODUCT_NAME = "A Tall Tale";
				PROVISIONING_PROFILE = "A98E8CDB-1E3B-4C1D-BA34-11225E5D4C74";
				"PROVISIONING_PROFILE[sdk=iphoneos*]" = "A98E8CDB-1E3B-4C1D-BA34-11225E5D4C74";
				WRAPPER_EXTENSION = app;
			};
			name = Release;
		};
/* End XCBuildConfiguration section */

/* Begin XCConfigurationList section */
		27915D4A168FF31600DB32E2 /* Build configuration list for PBXProject "Improv" */ = {
			isa = XCConfigurationList;
			buildConfigurations = (
				27915D6C168FF31600DB32E2 /* Debug */,
				27915D6D168FF31600DB32E2 /* Release */,
			);
			defaultConfigurationIsVisible = 0;
			defaultConfigurationName = Release;
		};
		27915D6E168FF31600DB32E2 /* Build configuration list for PBXNativeTarget "Improv" */ = {
			isa = XCConfigurationList;
			buildConfigurations = (
				27915D6F168FF31600DB32E2 /* Debug */,
				27915D70168FF31600DB32E2 /* Release */,
			);
			defaultConfigurationIsVisible = 0;
			defaultConfigurationName = Release;
		};
/* End XCConfigurationList section */
	};
	rootObject = 27915D47168FF31600DB32E2 /* Project object */;
}
